
Microsoft Visual Studio Solution File, Format Version 12.00
# Visual Studio Version 17
VisualStudioVersion = 17.5.33502.453
MinimumVisualStudioVersion = 10.0.40219.1
Project("{FAE04EC0-301F-11D3-BF4B-00C04F79EFBC}") = "VisualizationService", "VisualizationService.csproj", "{2373D3A2-F5E3-49DB-BDE4-863696C2E4D1}"
EndProject
Global
	GlobalSection(SolutionConfigurationPlatforms) = preSolution
		Debug|Any CPU = Debug|Any CPU
		Release|Any CPU = Release|Any CPU
	EndGlobalSection
	GlobalSection(ProjectConfigurationPlatforms) = postSolution
		{2373D3A2-F5E3-49DB-BDE4-863696C2E4D1}.Debug|Any CPU.ActiveCfg = Debug|Any CPU
		{2373D3A2-F5E3-49DB-BDE4-863696C2E4D1}.Debug|Any CPU.Build.0 = Debug|Any CPU
		{2373D3A2-F5E3-49DB-BDE4-863696C2E4D1}.Release|Any CPU.ActiveCfg = Release|Any CPU
		{2373D3A2-F5E3-49DB-BDE4-863696C2E4D1}.Release|Any CPU.Build.0 = Release|Any CPU
	EndGlobalSection
	GlobalSection(SolutionProperties) = preSolution
		HideSolutionNode = FALSE
	EndGlobalSection
	GlobalSection(ExtensibilityGlobals) = postSolution
		SolutionGuid = {E1ABF57D-8B65-40E2-A8C2-DD5555B5991E}
	EndGlobalSection
EndGlobal
